
Microsoft Visual Studio Solution File, Format Version 12.00
# Visual Studio Version 16
VisualStudioVersion = 16.0.30621.155
MinimumVisualStudioVersion = 10.0.40219.1
Project("{FAE04EC0-301F-11D3-BF4B-00C04F79EFBC}") = "WebServiceLoadData", "WebServiceLoadData\WebServiceLoadData.csproj", "{A27FEC45-761D-48EA-B560-B7BFADD04D05}"
EndProject
Global
	GlobalSection(SolutionConfigurationPlatforms) = preSolution
		Debug|Any CPU = Debug|Any CPU
		Release|Any CPU = Release|Any CPU
	EndGlobalSection
	GlobalSection(ProjectConfigurationPlatforms) = postSolution
		{A27FEC45-761D-48EA-B560-B7BFADD04D05}.Debug|Any CPU.ActiveCfg = Debug|Any CPU
		{A27FEC45-761D-48EA-B560-B7BFADD04D05}.Debug|Any CPU.Build.0 = Debug|Any CPU
		{A27FEC45-761D-48EA-B560-B7BFADD04D05}.Release|Any CPU.ActiveCfg = Release|Any CPU
		{A27FEC45-761D-48EA-B560-B7BFADD04D05}.Release|Any CPU.Build.0 = Release|Any CPU
	EndGlobalSection
	GlobalSection(SolutionProperties) = preSolution
		HideSolutionNode = FALSE
	EndGlobalSection
	GlobalSection(ExtensibilityGlobals) = postSolution
		SolutionGuid = {DBAAB24C-4F16-498F-804C-FE9412EDF9F8}
	EndGlobalSection
EndGlobal
