
Microsoft Visual Studio Solution File, Format Version 12.00
# Visual Studio Version 16
VisualStudioVersion = 16.0.30621.155
MinimumVisualStudioVersion = 10.0.40219.1
Project("{FAE04EC0-301F-11D3-BF4B-00C04F79EFBC}") = "WebServiceMail", "WebServiceMail\WebServiceMail.csproj", "{6CF2F532-1330-4B50-A0A1-BF1C115D3694}"
EndProject
Global
	GlobalSection(SolutionConfigurationPlatforms) = preSolution
		Debug|Any CPU = Debug|Any CPU
		Release|Any CPU = Release|Any CPU
	EndGlobalSection
	GlobalSection(ProjectConfigurationPlatforms) = postSolution
		{6CF2F532-1330-4B50-A0A1-BF1C115D3694}.Debug|Any CPU.ActiveCfg = Debug|Any CPU
		{6CF2F532-1330-4B50-A0A1-BF1C115D3694}.Debug|Any CPU.Build.0 = Debug|Any CPU
		{6CF2F532-1330-4B50-A0A1-BF1C115D3694}.Release|Any CPU.ActiveCfg = Release|Any CPU
		{6CF2F532-1330-4B50-A0A1-BF1C115D3694}.Release|Any CPU.Build.0 = Release|Any CPU
	EndGlobalSection
	GlobalSection(SolutionProperties) = preSolution
		HideSolutionNode = FALSE
	EndGlobalSection
	GlobalSection(ExtensibilityGlobals) = postSolution
		SolutionGuid = {79079308-BFEE-4BFD-A230-799594E26F1F}
	EndGlobalSection
EndGlobal
